# This file was autogenerated by Stack.
# You should not edit this file by hand.
# For more information, please see the documentation at:
#   https://docs.haskellstack.org/en/stable/topics/lock_files

packages: []
snapshots:
- completed:
    sha256: 00ba22708cdb7615bf811b01e43eb82aae8a615d3bf5b2b0056ffbbecabe6506
    size: 705114
    url: https://raw.githubusercontent.com/commercialhaskell/stackage-snapshots/master/nightly/2025/11/1.yaml
  original: nightly-2025-11-01
